<?xml version="1.0" encoding="UTF-8"?>
<CodeBlocks_project_file>
	<FileVersion major="1" minor="6"/>
	<Project>
		<Option title="StringEvaluation"/>
		<Option makefile_is_custom="1"/>
		<Option compiler="gcc"/>
		<Option virtualFolders="CMake Files\;"/>
		<Build>
			<Target title="all">
				<Option working_dir="/home/tails/Documents/Project/C++/StringEvaluation"/>
				<Option type="4"/>
				<MakeCommands>
					<Build command="/usr/bin/make -f &quot;/home/tails/Documents/Project/C++/StringEvaluation/Makefile&quot;  VERBOSE=1 all"/>
					<CompileFile command="/usr/bin/make -f &quot;/home/tails/Documents/Project/C++/StringEvaluation/Makefile&quot;  VERBOSE=1 &quot;$file&quot;"/>
					<Clean command="/usr/bin/make -f &quot;/home/tails/Documents/Project/C++/StringEvaluation/Makefile&quot;  VERBOSE=1 clean"/>
					<DistClean command="/usr/bin/make -f &quot;/home/tails/Documents/Project/C++/StringEvaluation/Makefile&quot;  VERBOSE=1 clean"/>
				</MakeCommands>
			</Target>
			<Target title="rebuild_cache">
				<Option working_dir="/home/tails/Documents/Project/C++/StringEvaluation"/>
				<Option type="4"/>
				<MakeCommands>
					<Build command="/usr/bin/make -f &quot;/home/tails/Documents/Project/C++/StringEvaluation/Makefile&quot;  VERBOSE=1 rebuild_cache"/>
					<CompileFile command="/usr/bin/make -f &quot;/home/tails/Documents/Project/C++/StringEvaluation/Makefile&quot;  VERBOSE=1 &quot;$file&quot;"/>
					<Clean command="/usr/bin/make -f &quot;/home/tails/Documents/Project/C++/StringEvaluation/Makefile&quot;  VERBOSE=1 clean"/>
					<DistClean command="/usr/bin/make -f &quot;/home/tails/Documents/Project/C++/StringEvaluation/Makefile&quot;  VERBOSE=1 clean"/>
				</MakeCommands>
			</Target>
			<Target title="edit_cache">
				<Option working_dir="/home/tails/Documents/Project/C++/StringEvaluation"/>
				<Option type="4"/>
				<MakeCommands>
					<Build command="/usr/bin/make -f &quot;/home/tails/Documents/Project/C++/StringEvaluation/Makefile&quot;  VERBOSE=1 edit_cache"/>
					<CompileFile command="/usr/bin/make -f &quot;/home/tails/Documents/Project/C++/StringEvaluation/Makefile&quot;  VERBOSE=1 &quot;$file&quot;"/>
					<Clean command="/usr/bin/make -f &quot;/home/tails/Documents/Project/C++/StringEvaluation/Makefile&quot;  VERBOSE=1 clean"/>
					<DistClean command="/usr/bin/make -f &quot;/home/tails/Documents/Project/C++/StringEvaluation/Makefile&quot;  VERBOSE=1 clean"/>
				</MakeCommands>
			</Target>
			<Target title="StringEvaluation">
				<Option output="/home/tails/Documents/Project/C++/StringEvaluation/StringEvaluation" prefix_auto="0" extension_auto="0"/>
				<Option working_dir="/home/tails/Documents/Project/C++/StringEvaluation"/>
				<Option object_output="./"/>
				<Option type="1"/>
				<Option compiler="gcc"/>
				<Compiler/>
				<MakeCommands>
					<Build command="/usr/bin/make -f &quot;/home/tails/Documents/Project/C++/StringEvaluation/Makefile&quot;  VERBOSE=1 StringEvaluation"/>
					<CompileFile command="/usr/bin/make -f &quot;/home/tails/Documents/Project/C++/StringEvaluation/Makefile&quot;  VERBOSE=1 &quot;$file&quot;"/>
					<Clean command="/usr/bin/make -f &quot;/home/tails/Documents/Project/C++/StringEvaluation/Makefile&quot;  VERBOSE=1 clean"/>
					<DistClean command="/usr/bin/make -f &quot;/home/tails/Documents/Project/C++/StringEvaluation/Makefile&quot;  VERBOSE=1 clean"/>
				</MakeCommands>
			</Target>
			<Target title="StringEvaluation/fast">
				<Option output="/home/tails/Documents/Project/C++/StringEvaluation/StringEvaluation" prefix_auto="0" extension_auto="0"/>
				<Option working_dir="/home/tails/Documents/Project/C++/StringEvaluation"/>
				<Option object_output="./"/>
				<Option type="1"/>
				<Option compiler="gcc"/>
				<Compiler/>
				<MakeCommands>
					<Build command="/usr/bin/make -f &quot;/home/tails/Documents/Project/C++/StringEvaluation/Makefile&quot;  VERBOSE=1 StringEvaluation/fast"/>
					<CompileFile command="/usr/bin/make -f &quot;/home/tails/Documents/Project/C++/StringEvaluation/Makefile&quot;  VERBOSE=1 &quot;$file&quot;"/>
					<Clean command="/usr/bin/make -f &quot;/home/tails/Documents/Project/C++/StringEvaluation/Makefile&quot;  VERBOSE=1 clean"/>
					<DistClean command="/usr/bin/make -f &quot;/home/tails/Documents/Project/C++/StringEvaluation/Makefile&quot;  VERBOSE=1 clean"/>
				</MakeCommands>
			</Target>
		</Build>
		<Unit filename="/home/tails/Documents/Project/C++/StringEvaluation/include/BufferedDataReader.h">
			<Option target="StringEvaluation"/>
		</Unit>
		<Unit filename="/home/tails/Documents/Project/C++/StringEvaluation/include/CallBack.h">
			<Option target="StringEvaluation"/>
		</Unit>
		<Unit filename="/home/tails/Documents/Project/C++/StringEvaluation/include/DataFactory.h">
			<Option target="StringEvaluation"/>
		</Unit>
		<Unit filename="/home/tails/Documents/Project/C++/StringEvaluation/include/Epoll.h">
			<Option target="StringEvaluation"/>
		</Unit>
		<Unit filename="/home/tails/Documents/Project/C++/StringEvaluation/include/Event.h">
			<Option target="StringEvaluation"/>
		</Unit>
		<Unit filename="/home/tails/Documents/Project/C++/StringEvaluation/include/EventManager.h">
			<Option target="StringEvaluation"/>
		</Unit>
		<Unit filename="/home/tails/Documents/Project/C++/StringEvaluation/include/Expression.h">
			<Option target="StringEvaluation"/>
		</Unit>
		<Unit filename="/home/tails/Documents/Project/C++/StringEvaluation/include/FileDescriptor.h">
			<Option target="StringEvaluation"/>
		</Unit>
		<Unit filename="/home/tails/Documents/Project/C++/StringEvaluation/include/Math.h">
			<Option target="StringEvaluation"/>
		</Unit>
		<Unit filename="/home/tails/Documents/Project/C++/StringEvaluation/include/Message.h">
			<Option target="StringEvaluation"/>
		</Unit>
		<Unit filename="/home/tails/Documents/Project/C++/StringEvaluation/include/Socket.h">
			<Option target="StringEvaluation"/>
		</Unit>
		<Unit filename="/home/tails/Documents/Project/C++/StringEvaluation/include/StringBuilder.h">
			<Option target="StringEvaluation"/>
		</Unit>
		<Unit filename="/home/tails/Documents/Project/C++/StringEvaluation/include/Strings.h">
			<Option target="StringEvaluation"/>
		</Unit>
		<Unit filename="/home/tails/Documents/Project/C++/StringEvaluation/include/TcpClient.h">
			<Option target="StringEvaluation"/>
		</Unit>
		<Unit filename="/home/tails/Documents/Project/C++/StringEvaluation/include/TcpServer.h">
			<Option target="StringEvaluation"/>
		</Unit>
		<Unit filename="/home/tails/Documents/Project/C++/StringEvaluation/include/ThreadPool.h">
			<Option target="StringEvaluation"/>
		</Unit>
		<Unit filename="/home/tails/Documents/Project/C++/StringEvaluation/include/Utils.h">
			<Option target="StringEvaluation"/>
		</Unit>
		<Unit filename="/home/tails/Documents/Project/C++/StringEvaluation/mainServer.cpp">
			<Option target="StringEvaluation"/>
		</Unit>
		<Unit filename="/home/tails/Documents/Project/C++/StringEvaluation/src/common/EventManager.cpp">
			<Option target="StringEvaluation"/>
		</Unit>
		<Unit filename="/home/tails/Documents/Project/C++/StringEvaluation/src/common/FileDescriptor.cpp">
			<Option target="StringEvaluation"/>
		</Unit>
		<Unit filename="/home/tails/Documents/Project/C++/StringEvaluation/src/common/Socket.cpp">
			<Option target="StringEvaluation"/>
		</Unit>
		<Unit filename="/home/tails/Documents/Project/C++/StringEvaluation/src/common/ThreadPool.cpp">
			<Option target="StringEvaluation"/>
		</Unit>
		<Unit filename="/home/tails/Documents/Project/C++/StringEvaluation/src/factory/DataFactory.cpp">
			<Option target="StringEvaluation"/>
		</Unit>
		<Unit filename="/home/tails/Documents/Project/C++/StringEvaluation/src/math/Expression.cpp">
			<Option target="StringEvaluation"/>
		</Unit>
		<Unit filename="/home/tails/Documents/Project/C++/StringEvaluation/src/math/Math.cpp">
			<Option target="StringEvaluation"/>
		</Unit>
		<Unit filename="/home/tails/Documents/Project/C++/StringEvaluation/src/server/TcpClient.cpp">
			<Option target="StringEvaluation"/>
		</Unit>
		<Unit filename="/home/tails/Documents/Project/C++/StringEvaluation/src/server/TcpServer.cpp">
			<Option target="StringEvaluation"/>
		</Unit>
		<Unit filename="/home/tails/Documents/Project/C++/StringEvaluation/CMakeLists.txt">
			<Option virtualFolder="CMake Files\"/>
		</Unit>
	</Project>
</CodeBlocks_project_file>
